
Microsoft Visual Studio Solution File, Format Version 12.00
# Visual Studio Version 17
VisualStudioVersion = 17.0.31919.166
MinimumVisualStudioVersion = 10.0.40219.1
Project("{FAE04EC0-301F-11D3-BF4B-00C04F79EFBC}") = "Dell.Lead.WeApi", "Dell.Lead.WeApi\Dell.Lead.WeApi.csproj", "{ACEC77BA-82F1-4462-B2AF-524E0CFF7A3B}"
EndProject
Global
	GlobalSection(SolutionConfigurationPlatforms) = preSolution
		Debug|Any CPU = Debug|Any CPU
		Release|Any CPU = Release|Any CPU
	EndGlobalSection
	GlobalSection(ProjectConfigurationPlatforms) = postSolution
		{ACEC77BA-82F1-4462-B2AF-524E0CFF7A3B}.Debug|Any CPU.ActiveCfg = Debug|Any CPU
		{ACEC77BA-82F1-4462-B2AF-524E0CFF7A3B}.Debug|Any CPU.Build.0 = Debug|Any CPU
		{ACEC77BA-82F1-4462-B2AF-524E0CFF7A3B}.Release|Any CPU.ActiveCfg = Release|Any CPU
		{ACEC77BA-82F1-4462-B2AF-524E0CFF7A3B}.Release|Any CPU.Build.0 = Release|Any CPU
	EndGlobalSection
	GlobalSection(SolutionProperties) = preSolution
		HideSolutionNode = FALSE
	EndGlobalSection
	GlobalSection(ExtensibilityGlobals) = postSolution
		SolutionGuid = {60C257B1-58CF-4599-8EE5-44159D2B0296}
	EndGlobalSection
EndGlobal
